
Microsoft Visual Studio Solution File, Format Version 12.00
# Visual Studio Version 17
VisualStudioVersion = 17.13.35919.96 d17.13
MinimumVisualStudioVersion = 10.0.40219.1
Project("{FAE04EC0-301F-11D3-BF4B-00C04F79EFBC}") = "WhatShouldIWatch.API", "WhatShouldIWatch.API\WhatShouldIWatch.API.csproj", "{DD3419C4-11BE-4FF3-9D74-DB766BAE0FF9}"
EndProject
Global
	GlobalSection(SolutionConfigurationPlatforms) = preSolution
		Debug|Any CPU = Debug|Any CPU
		Release|Any CPU = Release|Any CPU
	EndGlobalSection
	GlobalSection(ProjectConfigurationPlatforms) = postSolution
		{DD3419C4-11BE-4FF3-9D74-DB766BAE0FF9}.Debug|Any CPU.ActiveCfg = Debug|Any CPU
		{DD3419C4-11BE-4FF3-9D74-DB766BAE0FF9}.Debug|Any CPU.Build.0 = Debug|Any CPU
		{DD3419C4-11BE-4FF3-9D74-DB766BAE0FF9}.Release|Any CPU.ActiveCfg = Release|Any CPU
		{DD3419C4-11BE-4FF3-9D74-DB766BAE0FF9}.Release|Any CPU.Build.0 = Release|Any CPU
	EndGlobalSection
	GlobalSection(SolutionProperties) = preSolution
		HideSolutionNode = FALSE
	EndGlobalSection
	GlobalSection(ExtensibilityGlobals) = postSolution
		SolutionGuid = {BF1B4319-B17F-4BB0-BC86-0D6109A55A9A}
	EndGlobalSection
EndGlobal
